
Microsoft Visual Studio Solution File, Format Version 12.00
# Visual Studio 15
VisualStudioVersion = 15.0.26730.16
MinimumVisualStudioVersion = 10.0.40219.1
Project("{2150E333-8FDC-42A3-9474-1A3956D46DE8}") = "build", "build", "{C8C4BA38-6854-4E26-B8EC-4319DED458AC}"
	ProjectSection(SolutionItems) = preProject
		.gitlab-ci.yml = .gitlab-ci.yml
		build\build.sh = build\build.sh
		config-standalone.yaml = config-standalone.yaml
		build\docker-compose-build.yml = build\docker-compose-build.yml
		Makefile = Makefile
		readme.md = readme.md
	EndProjectSection
EndProject
Project("{2150E333-8FDC-42A3-9474-1A3956D46DE8}") = "tests", "tests", "{1E16C21E-64F7-4B0C-A8CB-B05A8932E0E2}"
EndProject
Project("{2150E333-8FDC-42A3-9474-1A3956D46DE8}") = "Solution Items", "Solution Items", "{CA83EA03-82A0-4E15-87EF-31CD857393E3}"
	ProjectSection(SolutionItems) = preProject
		NuGet.Config = NuGet.Config
	EndProjectSection
EndProject
Project("{2150E333-8FDC-42A3-9474-1A3956D46DE8}") = "src", "src", "{296CC59B-21CF-456D-85E2-7C99DFF9D2C7}"
EndProject
Project("{2150E333-8FDC-42A3-9474-1A3956D46DE8}") = "templates", "templates", "{A8C3AC02-38B4-46F4-896A-1C98CDF77B70}"
	ProjectSection(SolutionItems) = preProject
		templates\deployment.yaml.j2 = templates\deployment.yaml.j2
		templates\service.yaml.j2 = templates\service.yaml.j2
	EndProjectSection
EndProject
Project("{9A19103F-16F7-4668-BE54-9A1E7A4F7556}") = "VStore.Host", "src\VStore.Host\VStore.Host.csproj", "{85E18F58-42A8-464B-BBCF-E706994B10F1}"
EndProject
Project("{9A19103F-16F7-4668-BE54-9A1E7A4F7556}") = "VStore", "src\VStore\VStore.csproj", "{E83BDDB0-29A7-4440-941C-711E0DE356A8}"
EndProject
Project("{9A19103F-16F7-4668-BE54-9A1E7A4F7556}") = "VStore.UnitTests", "tests\VStore.UnitTests\VStore.UnitTests.csproj", "{56C56716-01D2-45CA-B43E-B4783E630D0E}"
EndProject
Project("{9A19103F-16F7-4668-BE54-9A1E7A4F7556}") = "VStore.Worker", "src\VStore.Worker\VStore.Worker.csproj", "{66EAB70C-D008-4E6C-9034-4B928B018718}"
EndProject
Project("{9A19103F-16F7-4668-BE54-9A1E7A4F7556}") = "CloningTool", "src\CloningTool\CloningTool.csproj", "{337F7277-72F6-4E44-97E9-C368163F033D}"
EndProject
Global
	GlobalSection(SolutionConfigurationPlatforms) = preSolution
		Debug|Any CPU = Debug|Any CPU
		Release|Any CPU = Release|Any CPU
	EndGlobalSection
	GlobalSection(ProjectConfigurationPlatforms) = postSolution
		{85E18F58-42A8-464B-BBCF-E706994B10F1}.Debug|Any CPU.ActiveCfg = Debug|Any CPU
		{85E18F58-42A8-464B-BBCF-E706994B10F1}.Debug|Any CPU.Build.0 = Debug|Any CPU
		{85E18F58-42A8-464B-BBCF-E706994B10F1}.Release|Any CPU.ActiveCfg = Release|Any CPU
		{85E18F58-42A8-464B-BBCF-E706994B10F1}.Release|Any CPU.Build.0 = Release|Any CPU
		{E83BDDB0-29A7-4440-941C-711E0DE356A8}.Debug|Any CPU.ActiveCfg = Debug|Any CPU
		{E83BDDB0-29A7-4440-941C-711E0DE356A8}.Debug|Any CPU.Build.0 = Debug|Any CPU
		{E83BDDB0-29A7-4440-941C-711E0DE356A8}.Release|Any CPU.ActiveCfg = Release|Any CPU
		{E83BDDB0-29A7-4440-941C-711E0DE356A8}.Release|Any CPU.Build.0 = Release|Any CPU
		{56C56716-01D2-45CA-B43E-B4783E630D0E}.Debug|Any CPU.ActiveCfg = Debug|Any CPU
		{56C56716-01D2-45CA-B43E-B4783E630D0E}.Debug|Any CPU.Build.0 = Debug|Any CPU
		{56C56716-01D2-45CA-B43E-B4783E630D0E}.Release|Any CPU.ActiveCfg = Release|Any CPU
		{56C56716-01D2-45CA-B43E-B4783E630D0E}.Release|Any CPU.Build.0 = Release|Any CPU
		{66EAB70C-D008-4E6C-9034-4B928B018718}.Debug|Any CPU.ActiveCfg = Debug|Any CPU
		{66EAB70C-D008-4E6C-9034-4B928B018718}.Debug|Any CPU.Build.0 = Debug|Any CPU
		{66EAB70C-D008-4E6C-9034-4B928B018718}.Release|Any CPU.ActiveCfg = Release|Any CPU
		{66EAB70C-D008-4E6C-9034-4B928B018718}.Release|Any CPU.Build.0 = Release|Any CPU
		{337F7277-72F6-4E44-97E9-C368163F033D}.Debug|Any CPU.ActiveCfg = Debug|Any CPU
		{337F7277-72F6-4E44-97E9-C368163F033D}.Debug|Any CPU.Build.0 = Debug|Any CPU
		{337F7277-72F6-4E44-97E9-C368163F033D}.Release|Any CPU.ActiveCfg = Release|Any CPU
		{337F7277-72F6-4E44-97E9-C368163F033D}.Release|Any CPU.Build.0 = Release|Any CPU
	EndGlobalSection
	GlobalSection(SolutionProperties) = preSolution
		HideSolutionNode = FALSE
	EndGlobalSection
	GlobalSection(NestedProjects) = preSolution
		{A8C3AC02-38B4-46F4-896A-1C98CDF77B70} = {C8C4BA38-6854-4E26-B8EC-4319DED458AC}
		{85E18F58-42A8-464B-BBCF-E706994B10F1} = {296CC59B-21CF-456D-85E2-7C99DFF9D2C7}
		{E83BDDB0-29A7-4440-941C-711E0DE356A8} = {296CC59B-21CF-456D-85E2-7C99DFF9D2C7}
		{56C56716-01D2-45CA-B43E-B4783E630D0E} = {1E16C21E-64F7-4B0C-A8CB-B05A8932E0E2}
		{66EAB70C-D008-4E6C-9034-4B928B018718} = {296CC59B-21CF-456D-85E2-7C99DFF9D2C7}
		{337F7277-72F6-4E44-97E9-C368163F033D} = {296CC59B-21CF-456D-85E2-7C99DFF9D2C7}
	EndGlobalSection
	GlobalSection(ExtensibilityGlobals) = postSolution
		SolutionGuid = {28513BAC-F427-4255-BB2A-23569F52A866}
	EndGlobalSection
	GlobalSection(ExtensibilityGlobals) = postSolution
		SolutionGuid = {0499A7AB-E556-4316-A381-9795EA5434A1}
	EndGlobalSection
EndGlobal
